
Microsoft Visual Studio Solution File, Format Version 12.00
# Visual Studio Version 17
VisualStudioVersion = 17.1.32228.430
MinimumVisualStudioVersion = 10.0.40219.1
Project("{FAE04EC0-301F-11D3-BF4B-00C04F79EFBC}") = "Coding_exercise_P1", "Coding_exercise_P1.csproj", "{0F2D1A0B-2B0F-4CDF-9AD2-3416E4F89C9C}"
EndProject
Project("{FAE04EC0-301F-11D3-BF4B-00C04F79EFBC}") = "Coding_exercise_P2", "..\Coding_exercise_P2\Coding_exercise_P2.csproj", "{0FE8B575-5597-4A38-9F48-73270AA26F7D}"
EndProject
Project("{FAE04EC0-301F-11D3-BF4B-00C04F79EFBC}") = "Coding_exercise_P3", "..\Coding_exercise_P3\Coding_exercise_P3.csproj", "{BB7FD235-4584-4F69-B88D-1A83224E376E}"
EndProject
Project("{FAE04EC0-301F-11D3-BF4B-00C04F79EFBC}") = "Coding_exercise_P4", "..\Coding_exercise_P4\Coding_exercise_P4.csproj", "{62A75E10-234F-4DE6-9409-36AC4CBAF7FF}"
EndProject
Project("{FAE04EC0-301F-11D3-BF4B-00C04F79EFBC}") = "Coding_exercise_P5", "..\Coding_exercise_P5\Coding_exercise_P5.csproj", "{338D4FCF-7E77-453E-BA7C-6DD6B5BA12D1}"
EndProject
Project("{FAE04EC0-301F-11D3-BF4B-00C04F79EFBC}") = "Coding_exercise_P6", "..\Coding_exercise_P6\Coding_exercise_P6.csproj", "{60896D7C-47E0-49AE-BA6F-DDA0A05447E3}"
EndProject
Project("{FAE04EC0-301F-11D3-BF4B-00C04F79EFBC}") = "Coding_exercise_P7", "..\Coding_exercise_P7\Coding_exercise_P7.csproj", "{F510F09E-7D89-40F3-B1DF-5B563A049945}"
EndProject
Project("{FAE04EC0-301F-11D3-BF4B-00C04F79EFBC}") = "Coding_exercise_P8", "..\Coding_exercise_P8\Coding_exercise_P8.csproj", "{F15DAB9D-E358-47D6-8BB2-7E0CAE67CE51}"
EndProject
Project("{FAE04EC0-301F-11D3-BF4B-00C04F79EFBC}") = "Coding_exercise_P9", "..\Coding_exercise_P9\Coding_exercise_P9.csproj", "{627293EC-FB72-445D-B3DD-A8D9343DFD7C}"
EndProject
Project("{FAE04EC0-301F-11D3-BF4B-00C04F79EFBC}") = "Coding_exercise_P10", "..\Coding_exercise_P10\Coding_exercise_P10.csproj", "{08D35CA8-D3A7-44E7-9BB7-C436FCD92EF9}"
EndProject
Project("{FAE04EC0-301F-11D3-BF4B-00C04F79EFBC}") = "Coding_exercise_P9_2.0", "..\Coding_exercise_P9_2.0\Coding_exercise_P9_2.0.csproj", "{31534B62-B7A4-4E95-A3BA-099AF89D6D4E}"
EndProject
Global
	GlobalSection(SolutionConfigurationPlatforms) = preSolution
		Debug|Any CPU = Debug|Any CPU
		Release|Any CPU = Release|Any CPU
	EndGlobalSection
	GlobalSection(ProjectConfigurationPlatforms) = postSolution
		{0F2D1A0B-2B0F-4CDF-9AD2-3416E4F89C9C}.Debug|Any CPU.ActiveCfg = Debug|Any CPU
		{0F2D1A0B-2B0F-4CDF-9AD2-3416E4F89C9C}.Debug|Any CPU.Build.0 = Debug|Any CPU
		{0F2D1A0B-2B0F-4CDF-9AD2-3416E4F89C9C}.Release|Any CPU.ActiveCfg = Release|Any CPU
		{0F2D1A0B-2B0F-4CDF-9AD2-3416E4F89C9C}.Release|Any CPU.Build.0 = Release|Any CPU
		{0FE8B575-5597-4A38-9F48-73270AA26F7D}.Debug|Any CPU.ActiveCfg = Debug|Any CPU
		{0FE8B575-5597-4A38-9F48-73270AA26F7D}.Debug|Any CPU.Build.0 = Debug|Any CPU
		{0FE8B575-5597-4A38-9F48-73270AA26F7D}.Release|Any CPU.ActiveCfg = Release|Any CPU
		{0FE8B575-5597-4A38-9F48-73270AA26F7D}.Release|Any CPU.Build.0 = Release|Any CPU
		{BB7FD235-4584-4F69-B88D-1A83224E376E}.Debug|Any CPU.ActiveCfg = Debug|Any CPU
		{BB7FD235-4584-4F69-B88D-1A83224E376E}.Debug|Any CPU.Build.0 = Debug|Any CPU
		{BB7FD235-4584-4F69-B88D-1A83224E376E}.Release|Any CPU.ActiveCfg = Release|Any CPU
		{BB7FD235-4584-4F69-B88D-1A83224E376E}.Release|Any CPU.Build.0 = Release|Any CPU
		{62A75E10-234F-4DE6-9409-36AC4CBAF7FF}.Debug|Any CPU.ActiveCfg = Debug|Any CPU
		{62A75E10-234F-4DE6-9409-36AC4CBAF7FF}.Debug|Any CPU.Build.0 = Debug|Any CPU
		{62A75E10-234F-4DE6-9409-36AC4CBAF7FF}.Release|Any CPU.ActiveCfg = Release|Any CPU
		{62A75E10-234F-4DE6-9409-36AC4CBAF7FF}.Release|Any CPU.Build.0 = Release|Any CPU
		{338D4FCF-7E77-453E-BA7C-6DD6B5BA12D1}.Debug|Any CPU.ActiveCfg = Debug|Any CPU
		{338D4FCF-7E77-453E-BA7C-6DD6B5BA12D1}.Debug|Any CPU.Build.0 = Debug|Any CPU
		{338D4FCF-7E77-453E-BA7C-6DD6B5BA12D1}.Release|Any CPU.ActiveCfg = Release|Any CPU
		{338D4FCF-7E77-453E-BA7C-6DD6B5BA12D1}.Release|Any CPU.Build.0 = Release|Any CPU
		{60896D7C-47E0-49AE-BA6F-DDA0A05447E3}.Debug|Any CPU.ActiveCfg = Debug|Any CPU
		{60896D7C-47E0-49AE-BA6F-DDA0A05447E3}.Debug|Any CPU.Build.0 = Debug|Any CPU
		{60896D7C-47E0-49AE-BA6F-DDA0A05447E3}.Release|Any CPU.ActiveCfg = Release|Any CPU
		{60896D7C-47E0-49AE-BA6F-DDA0A05447E3}.Release|Any CPU.Build.0 = Release|Any CPU
		{F510F09E-7D89-40F3-B1DF-5B563A049945}.Debug|Any CPU.ActiveCfg = Debug|Any CPU
		{F510F09E-7D89-40F3-B1DF-5B563A049945}.Debug|Any CPU.Build.0 = Debug|Any CPU
		{F510F09E-7D89-40F3-B1DF-5B563A049945}.Release|Any CPU.ActiveCfg = Release|Any CPU
		{F510F09E-7D89-40F3-B1DF-5B563A049945}.Release|Any CPU.Build.0 = Release|Any CPU
		{F15DAB9D-E358-47D6-8BB2-7E0CAE67CE51}.Debug|Any CPU.ActiveCfg = Debug|Any CPU
		{F15DAB9D-E358-47D6-8BB2-7E0CAE67CE51}.Debug|Any CPU.Build.0 = Debug|Any CPU
		{F15DAB9D-E358-47D6-8BB2-7E0CAE67CE51}.Release|Any CPU.ActiveCfg = Release|Any CPU
		{F15DAB9D-E358-47D6-8BB2-7E0CAE67CE51}.Release|Any CPU.Build.0 = Release|Any CPU
		{627293EC-FB72-445D-B3DD-A8D9343DFD7C}.Debug|Any CPU.ActiveCfg = Debug|Any CPU
		{627293EC-FB72-445D-B3DD-A8D9343DFD7C}.Debug|Any CPU.Build.0 = Debug|Any CPU
		{627293EC-FB72-445D-B3DD-A8D9343DFD7C}.Release|Any CPU.ActiveCfg = Release|Any CPU
		{627293EC-FB72-445D-B3DD-A8D9343DFD7C}.Release|Any CPU.Build.0 = Release|Any CPU
		{08D35CA8-D3A7-44E7-9BB7-C436FCD92EF9}.Debug|Any CPU.ActiveCfg = Debug|Any CPU
		{08D35CA8-D3A7-44E7-9BB7-C436FCD92EF9}.Debug|Any CPU.Build.0 = Debug|Any CPU
		{08D35CA8-D3A7-44E7-9BB7-C436FCD92EF9}.Release|Any CPU.ActiveCfg = Release|Any CPU
		{08D35CA8-D3A7-44E7-9BB7-C436FCD92EF9}.Release|Any CPU.Build.0 = Release|Any CPU
		{31534B62-B7A4-4E95-A3BA-099AF89D6D4E}.Debug|Any CPU.ActiveCfg = Debug|Any CPU
		{31534B62-B7A4-4E95-A3BA-099AF89D6D4E}.Debug|Any CPU.Build.0 = Debug|Any CPU
		{31534B62-B7A4-4E95-A3BA-099AF89D6D4E}.Release|Any CPU.ActiveCfg = Release|Any CPU
		{31534B62-B7A4-4E95-A3BA-099AF89D6D4E}.Release|Any CPU.Build.0 = Release|Any CPU
	EndGlobalSection
	GlobalSection(SolutionProperties) = preSolution
		HideSolutionNode = FALSE
	EndGlobalSection
	GlobalSection(ExtensibilityGlobals) = postSolution
		SolutionGuid = {89FEFF23-A604-4110-B923-A3988D87012A}
	EndGlobalSection
EndGlobal
