
Microsoft Visual Studio Solution File, Format Version 12.00
# Visual Studio Version 17
VisualStudioVersion = 17.1.32228.430
MinimumVisualStudioVersion = 10.0.40219.1
Project("{FAE04EC0-301F-11D3-BF4B-00C04F79EFBC}") = "oop", "oop.csproj", "{3BF8174C-215F-41DB-B256-BFC4D0D244BC}"
EndProject
Global
	GlobalSection(SolutionConfigurationPlatforms) = preSolution
		Debug|Any CPU = Debug|Any CPU
		Release|Any CPU = Release|Any CPU
	EndGlobalSection
	GlobalSection(ProjectConfigurationPlatforms) = postSolution
		{3BF8174C-215F-41DB-B256-BFC4D0D244BC}.Debug|Any CPU.ActiveCfg = Debug|Any CPU
		{3BF8174C-215F-41DB-B256-BFC4D0D244BC}.Debug|Any CPU.Build.0 = Debug|Any CPU
		{3BF8174C-215F-41DB-B256-BFC4D0D244BC}.Release|Any CPU.ActiveCfg = Release|Any CPU
		{3BF8174C-215F-41DB-B256-BFC4D0D244BC}.Release|Any CPU.Build.0 = Release|Any CPU
	EndGlobalSection
	GlobalSection(SolutionProperties) = preSolution
		HideSolutionNode = FALSE
	EndGlobalSection
	GlobalSection(ExtensibilityGlobals) = postSolution
		SolutionGuid = {C66B196E-AEFE-4B24-8C23-7A59ECF54943}
	EndGlobalSection
EndGlobal
